
Microsoft Visual Studio Solution File, Format Version 12.00
# Visual Studio 15
VisualStudioVersion = 15.0.28307.102
MinimumVisualStudioVersion = 10.0.40219.1
Project("{9A19103F-16F7-4668-BE54-9A1E7A4F7556}") = "ZTNodes_0001", "ZTNodes_0001\ZTNodes_0001\ZTNodes_0001.csproj", "{E7DCFBD8-6671-44B2-BA4D-B17B59B9518D}"
EndProject
Project("{9A19103F-16F7-4668-BE54-9A1E7A4F7556}") = "ZTNodes_0010", "ZTNodes_0010\ZTNodes_0010\ZTNodes_0010.csproj", "{192EA82C-28C6-4A9D-8A3A-1A1B915D798D}"
EndProject
Project("{9A19103F-16F7-4668-BE54-9A1E7A4F7556}") = "ZTNodes_0100", "ZTNodes_0100\ZTNodes_0100\ZTNodes_0100.csproj", "{E11C77C1-17BA-4F1F-B328-4FA0BA1398C2}"
EndProject
Project("{9A19103F-16F7-4668-BE54-9A1E7A4F7556}") = "ZTNodes_1000", "ZTNodes_1000\ZTNodes_1000\ZTNodes_1000.csproj", "{8C3CB886-FFA7-4480-8AB8-769807173E8B}"
EndProject
Project("{FAE04EC0-301F-11D3-BF4B-00C04F79EFBC}") = "ZTNodes_10000", "ZTNodes_10000\ZTNodes_10000\ZTNodes_10000.csproj", "{15875AD5-DB5F-4E21-8A1E-7E4D6C7699D4}"
EndProject
Global
	GlobalSection(SolutionConfigurationPlatforms) = preSolution
		Debug|Any CPU = Debug|Any CPU
		Release|Any CPU = Release|Any CPU
	EndGlobalSection
	GlobalSection(ProjectConfigurationPlatforms) = postSolution
		{E7DCFBD8-6671-44B2-BA4D-B17B59B9518D}.Debug|Any CPU.ActiveCfg = Debug|Any CPU
		{E7DCFBD8-6671-44B2-BA4D-B17B59B9518D}.Debug|Any CPU.Build.0 = Debug|Any CPU
		{E7DCFBD8-6671-44B2-BA4D-B17B59B9518D}.Release|Any CPU.ActiveCfg = Release|Any CPU
		{E7DCFBD8-6671-44B2-BA4D-B17B59B9518D}.Release|Any CPU.Build.0 = Release|Any CPU
		{192EA82C-28C6-4A9D-8A3A-1A1B915D798D}.Debug|Any CPU.ActiveCfg = Debug|Any CPU
		{192EA82C-28C6-4A9D-8A3A-1A1B915D798D}.Debug|Any CPU.Build.0 = Debug|Any CPU
		{192EA82C-28C6-4A9D-8A3A-1A1B915D798D}.Release|Any CPU.ActiveCfg = Release|Any CPU
		{192EA82C-28C6-4A9D-8A3A-1A1B915D798D}.Release|Any CPU.Build.0 = Release|Any CPU
		{E11C77C1-17BA-4F1F-B328-4FA0BA1398C2}.Debug|Any CPU.ActiveCfg = Debug|Any CPU
		{E11C77C1-17BA-4F1F-B328-4FA0BA1398C2}.Debug|Any CPU.Build.0 = Debug|Any CPU
		{E11C77C1-17BA-4F1F-B328-4FA0BA1398C2}.Release|Any CPU.ActiveCfg = Release|Any CPU
		{E11C77C1-17BA-4F1F-B328-4FA0BA1398C2}.Release|Any CPU.Build.0 = Release|Any CPU
		{8C3CB886-FFA7-4480-8AB8-769807173E8B}.Debug|Any CPU.ActiveCfg = Debug|Any CPU
		{8C3CB886-FFA7-4480-8AB8-769807173E8B}.Debug|Any CPU.Build.0 = Debug|Any CPU
		{8C3CB886-FFA7-4480-8AB8-769807173E8B}.Release|Any CPU.ActiveCfg = Release|Any CPU
		{8C3CB886-FFA7-4480-8AB8-769807173E8B}.Release|Any CPU.Build.0 = Release|Any CPU
		{15875AD5-DB5F-4E21-8A1E-7E4D6C7699D4}.Debug|Any CPU.ActiveCfg = Debug|Any CPU
		{15875AD5-DB5F-4E21-8A1E-7E4D6C7699D4}.Debug|Any CPU.Build.0 = Debug|Any CPU
		{15875AD5-DB5F-4E21-8A1E-7E4D6C7699D4}.Release|Any CPU.ActiveCfg = Release|Any CPU
		{15875AD5-DB5F-4E21-8A1E-7E4D6C7699D4}.Release|Any CPU.Build.0 = Release|Any CPU
	EndGlobalSection
	GlobalSection(SolutionProperties) = preSolution
		HideSolutionNode = FALSE
	EndGlobalSection
	GlobalSection(ExtensibilityGlobals) = postSolution
		SolutionGuid = {3CFC0BA3-BE83-4F7D-95CD-A71051F88F72}
	EndGlobalSection
EndGlobal
